// !$*UTF8*$!
{
	archiveVersion = 1;
	classes = {
	};
	objectVersion = 77;
	objects = {

/* Begin PBXBuildFile section */
		0266FBF72F644BBE003EF8D6 /* WidgetKit.framework in Frameworks */ = {isa = PBXBuildFile; fileRef = 0266FBF62F644BBE003EF8D6 /* WidgetKit.framework */; };
		0266FBF92F644BBE003EF8D6 /* SwiftUI.framework in Frameworks */ = {isa = PBXBuildFile; fileRef = 0266FBF82F644BBE003EF8D6 /* SwiftUI.framework */; };
		0266FC062F644BBF003EF8D6 /* RaskmapWidgetExtension.appex in Embed Foundation Extensions */ = {isa = PBXBuildFile; fileRef = 0266FBF42F644BBE003EF8D6 /* RaskmapWidgetExtension.appex */; settings = {ATTRIBUTES = (RemoveHeadersOnCopy, ); }; };
		027BD9612F64723C00CEE4CA /* AppIntents.framework in Frameworks */ = {isa = PBXBuildFile; fileRef = 027BD9602F64723C00CEE4CA /* AppIntents.framework */; };
		02C342042F87072800380795 /* RaskmapWatch Watch App.app in Embed Watch Content */ = {isa = PBXBuildFile; fileRef = 02C341E42F87072600380795 /* RaskmapWatch Watch App.app */; settings = {ATTRIBUTES = (RemoveHeadersOnCopy, ); }; };
/* End PBXBuildFile section */

/* Begin PBXContainerItemProxy section */
		0266FC042F644BBF003EF8D6 /* PBXContainerItemProxy */ = {
			isa = PBXContainerItemProxy;
			containerPortal = 02A1986D2F5F383C0057AA98 /* Project object */;
			proxyType = 1;
			remoteGlobalIDString = 0266FBF32F644BBE003EF8D6;
			remoteInfo = RaskmapWidgetExtension;
		};
		02A198872F5F383D0057AA98 /* PBXContainerItemProxy */ = {
			isa = PBXContainerItemProxy;
			containerPortal = 02A1986D2F5F383C0057AA98 /* Project object */;
			proxyType = 1;
			remoteGlobalIDString = 02A198742F5F383C0057AA98;
			remoteInfo = Raskmap;
		};
		02A198912F5F383D0057AA98 /* PBXContainerItemProxy */ = {
			isa = PBXContainerItemProxy;
			containerPortal = 02A1986D2F5F383C0057AA98 /* Project object */;
			proxyType = 1;
			remoteGlobalIDString = 02A198742F5F383C0057AA98;
			remoteInfo = Raskmap;
		};
		02C341F12F87072800380795 /* PBXContainerItemProxy */ = {
			isa = PBXContainerItemProxy;
			containerPortal = 02A1986D2F5F383C0057AA98 /* Project object */;
			proxyType = 1;
			remoteGlobalIDString = 02C341E32F87072600380795;
			remoteInfo = "RaskmapWatch Watch App";
		};
		02C341FB2F87072800380795 /* PBXContainerItemProxy */ = {
			isa = PBXContainerItemProxy;
			containerPortal = 02A1986D2F5F383C0057AA98 /* Project object */;
			proxyType = 1;
			remoteGlobalIDString = 02C341E32F87072600380795;
			remoteInfo = "RaskmapWatch Watch App";
		};
		02C342022F87072800380795 /* PBXContainerItemProxy */ = {
			isa = PBXContainerItemProxy;
			containerPortal = 02A1986D2F5F383C0057AA98 /* Project object */;
			proxyType = 1;
			remoteGlobalIDString = 02C341E32F87072600380795;
			remoteInfo = "RaskmapWatch Watch App";
		};
/* End PBXContainerItemProxy section */

/* Begin PBXCopyFilesBuildPhase section */
		0266FC072F644BBF003EF8D6 /* Embed Foundation Extensions */ = {
			isa = PBXCopyFilesBuildPhase;
			buildActionMask = 2147483647;
			dstPath = "";
			dstSubfolderSpec = 13;
			files = (
				0266FC062F644BBF003EF8D6 /* RaskmapWidgetExtension.appex in Embed Foundation Extensions */,
			);
			name = "Embed Foundation Extensions";
			runOnlyForDeploymentPostprocessing = 0;
		};
		02C342082F87072800380795 /* Embed Watch Content */ = {
			isa = PBXCopyFilesBuildPhase;
			buildActionMask = 2147483647;
			dstPath = "$(CONTENTS_FOLDER_PATH)/Watch";
			dstSubfolderSpec = 16;
			files = (
				02C342042F87072800380795 /* RaskmapWatch Watch App.app in Embed Watch Content */,
			);
			name = "Embed Watch Content";
			runOnlyForDeploymentPostprocessing = 0;
		};
/* End PBXCopyFilesBuildPhase section */

/* Begin PBXFileReference section */
		0266FBF42F644BBE003EF8D6 /* RaskmapWidgetExtension.appex */ = {isa = PBXFileReference; explicitFileType = "wrapper.app-extension"; includeInIndex = 0; path = RaskmapWidgetExtension.appex; sourceTree = BUILT_PRODUCTS_DIR; };
		0266FBF62F644BBE003EF8D6 /* WidgetKit.framework */ = {isa = PBXFileReference; lastKnownFileType = wrapper.framework; name = WidgetKit.framework; path = System/Library/Frameworks/WidgetKit.framework; sourceTree = SDKROOT; };
		0266FBF82F644BBE003EF8D6 /* SwiftUI.framework */ = {isa = PBXFileReference; lastKnownFileType = wrapper.framework; name = SwiftUI.framework; path = System/Library/Frameworks/SwiftUI.framework; sourceTree = SDKROOT; };
		0266FC0C2F644C17003EF8D6 /* RaskmapWidgetExtension.entitlements */ = {isa = PBXFileReference; lastKnownFileType = text.plist.entitlements; path = RaskmapWidgetExtension.entitlements; sourceTree = "<group>"; };
		027640A82F61C407000FC517 /* Raskmap.app */ = {isa = PBXFileReference; explicitFileType = wrapper.application; includeInIndex = 0; path = Raskmap.app; sourceTree = BUILT_PRODUCTS_DIR; };
		027640A92F61C407000FC517 /* RaskmapTests.xctest */ = {isa = PBXFileReference; explicitFileType = wrapper.cfbundle; includeInIndex = 0; path = RaskmapTests.xctest; sourceTree = BUILT_PRODUCTS_DIR; };
		027640AA2F61C407000FC517 /* RaskmapUITests.xctest */ = {isa = PBXFileReference; explicitFileType = wrapper.cfbundle; includeInIndex = 0; path = RaskmapUITests.xctest; sourceTree = BUILT_PRODUCTS_DIR; };
		027BD9602F64723C00CEE4CA /* AppIntents.framework */ = {isa = PBXFileReference; lastKnownFileType = wrapper.framework; name = AppIntents.framework; path = System/Library/Frameworks/AppIntents.framework; sourceTree = SDKROOT; };
		02C341E42F87072600380795 /* RaskmapWatch Watch App.app */ = {isa = PBXFileReference; explicitFileType = wrapper.application; includeInIndex = 0; path = "RaskmapWatch Watch App.app"; sourceTree = BUILT_PRODUCTS_DIR; };
		02C341F02F87072800380795 /* RaskmapWatch Watch AppTests.xctest */ = {isa = PBXFileReference; explicitFileType = wrapper.cfbundle; includeInIndex = 0; path = "RaskmapWatch Watch AppTests.xctest"; sourceTree = BUILT_PRODUCTS_DIR; };
		02C341FA2F87072800380795 /* RaskmapWatch Watch AppUITests.xctest */ = {isa = PBXFileReference; explicitFileType = wrapper.cfbundle; includeInIndex = 0; path = "RaskmapWatch Watch AppUITests.xctest"; sourceTree = BUILT_PRODUCTS_DIR; };
/* End PBXFileReference section */

/* Begin PBXFileSystemSynchronizedBuildFileExceptionSet section */
		0266FC0B2F644BBF003EF8D6 /* Exceptions for "RaskmapWidget" folder in "RaskmapWidgetExtension" target */ = {
			isa = PBXFileSystemSynchronizedBuildFileExceptionSet;
			membershipExceptions = (
				Info.plist,
			);
			target = 0266FBF32F644BBE003EF8D6 /* RaskmapWidgetExtension */;
		};
		02A198982F5F383D0057AA98 /* Exceptions for "Raskmap" folder in "Raskmap" target */ = {
			isa = PBXFileSystemSynchronizedBuildFileExceptionSet;
			membershipExceptions = (
				Info.plist,
			);
			target = 02A198742F5F383C0057AA98 /* Raskmap */;
		};
/* End PBXFileSystemSynchronizedBuildFileExceptionSet section */

/* Begin PBXFileSystemSynchronizedRootGroup section */
		0266FBFA2F644BBE003EF8D6 /* RaskmapWidget */ = {
			isa = PBXFileSystemSynchronizedRootGroup;
			exceptions = (
				0266FC0B2F644BBF003EF8D6 /* Exceptions for "RaskmapWidget" folder in "RaskmapWidgetExtension" target */,
			);
			path = RaskmapWidget;
			sourceTree = "<group>";
		};
		02A198772F5F383C0057AA98 /* Raskmap */ = {
			isa = PBXFileSystemSynchronizedRootGroup;
			exceptions = (
				02A198982F5F383D0057AA98 /* Exceptions for "Raskmap" folder in "Raskmap" target */,
			);
			path = Raskmap;
			sourceTree = "<group>";
		};
		02A198892F5F383D0057AA98 /* RaskmapTests */ = {
			isa = PBXFileSystemSynchronizedRootGroup;
			path = RaskmapTests;
			sourceTree = "<group>";
		};
		02A198932F5F383D0057AA98 /* RaskmapUITests */ = {
			isa = PBXFileSystemSynchronizedRootGroup;
			path = RaskmapUITests;
			sourceTree = "<group>";
		};
		02C341E52F87072600380795 /* RaskmapWatch Watch App */ = {
			isa = PBXFileSystemSynchronizedRootGroup;
			path = "RaskmapWatch Watch App";
			sourceTree = "<group>";
		};
		02C341F32F87072800380795 /* RaskmapWatch Watch AppTests */ = {
			isa = PBXFileSystemSynchronizedRootGroup;
			path = "RaskmapWatch Watch AppTests";
			sourceTree = "<group>";
		};
		02C341FD2F87072800380795 /* RaskmapWatch Watch AppUITests */ = {
			isa = PBXFileSystemSynchronizedRootGroup;
			path = "RaskmapWatch Watch AppUITests";
			sourceTree = "<group>";
		};
/* End PBXFileSystemSynchronizedRootGroup section */

/* Begin PBXFrameworksBuildPhase section */
		0266FBF12F644BBE003EF8D6 /* Frameworks */ = {
			isa = PBXFrameworksBuildPhase;
			buildActionMask = 2147483647;
			files = (
				0266FBF92F644BBE003EF8D6 /* SwiftUI.framework in Frameworks */,
				0266FBF72F644BBE003EF8D6 /* WidgetKit.framework in Frameworks */,
				027BD9612F64723C00CEE4CA /* AppIntents.framework in Frameworks */,
			);
			runOnlyForDeploymentPostprocessing = 0;
		};
		02A198722F5F383C0057AA98 /* Frameworks */ = {
			isa = PBXFrameworksBuildPhase;
			buildActionMask = 2147483647;
			files = (
			);
			runOnlyForDeploymentPostprocessing = 0;
		};
		02A198832F5F383D0057AA98 /* Frameworks */ = {
			isa = PBXFrameworksBuildPhase;
			buildActionMask = 2147483647;
			files = (
			);
			runOnlyForDeploymentPostprocessing = 0;
		};
		02A1988D2F5F383D0057AA98 /* Frameworks */ = {
			isa = PBXFrameworksBuildPhase;
			buildActionMask = 2147483647;
			files = (
			);
			runOnlyForDeploymentPostprocessing = 0;
		};
		02C341E12F87072600380795 /* Frameworks */ = {
			isa = PBXFrameworksBuildPhase;
			buildActionMask = 2147483647;
			files = (
			);
			runOnlyForDeploymentPostprocessing = 0;
		};
		02C341ED2F87072800380795 /* Frameworks */ = {
			isa = PBXFrameworksBuildPhase;
			buildActionMask = 2147483647;
			files = (
			);
			runOnlyForDeploymentPostprocessing = 0;
		};
		02C341F72F87072800380795 /* Frameworks */ = {
			isa = PBXFrameworksBuildPhase;
			buildActionMask = 2147483647;
			files = (
			);
			runOnlyForDeploymentPostprocessing = 0;
		};
/* End PBXFrameworksBuildPhase section */

/* Begin PBXGroup section */
		0266FBF52F644BBE003EF8D6 /* Frameworks */ = {
			isa = PBXGroup;
			children = (
				027BD9602F64723C00CEE4CA /* AppIntents.framework */,
				0266FBF62F644BBE003EF8D6 /* WidgetKit.framework */,
				0266FBF82F644BBE003EF8D6 /* SwiftUI.framework */,
			);
			name = Frameworks;
			sourceTree = "<group>";
		};
		02A1986C2F5F383C0057AA98 = {
			isa = PBXGroup;
			children = (
				0266FC0C2F644C17003EF8D6 /* RaskmapWidgetExtension.entitlements */,
				02A198772F5F383C0057AA98 /* Raskmap */,
				02A198892F5F383D0057AA98 /* RaskmapTests */,
				02A198932F5F383D0057AA98 /* RaskmapUITests */,
				027640A82F61C407000FC517 /* Raskmap.app */,
				027640A92F61C407000FC517 /* RaskmapTests.xctest */,
				027640AA2F61C407000FC517 /* RaskmapUITests.xctest */,
				0266FBF42F644BBE003EF8D6 /* RaskmapWidgetExtension.appex */,
				0266FBFA2F644BBE003EF8D6 /* RaskmapWidget */,
				02C341E52F87072600380795 /* RaskmapWatch Watch App */,
				02C341F32F87072800380795 /* RaskmapWatch Watch AppTests */,
				02C341FD2F87072800380795 /* RaskmapWatch Watch AppUITests */,
				0266FBF52F644BBE003EF8D6 /* Frameworks */,
				02C341E42F87072600380795 /* RaskmapWatch Watch App.app */,
				02C341F02F87072800380795 /* RaskmapWatch Watch AppTests.xctest */,
				02C341FA2F87072800380795 /* RaskmapWatch Watch AppUITests.xctest */,
			);
			sourceTree = "<group>";
		};
/* End PBXGroup section */

/* Begin PBXNativeTarget section */
		0266FBF32F644BBE003EF8D6 /* RaskmapWidgetExtension */ = {
			isa = PBXNativeTarget;
			buildConfigurationList = 0266FC0A2F644BBF003EF8D6 /* Build configuration list for PBXNativeTarget "RaskmapWidgetExtension" */;
			buildPhases = (
				0266FBF02F644BBE003EF8D6 /* Sources */,
				0266FBF12F644BBE003EF8D6 /* Frameworks */,
				0266FBF22F644BBE003EF8D6 /* Resources */,
			);
			buildRules = (
			);
			dependencies = (
			);
			fileSystemSynchronizedGroups = (
				0266FBFA2F644BBE003EF8D6 /* RaskmapWidget */,
			);
			name = RaskmapWidgetExtension;
			packageProductDependencies = (
			);
			productName = RaskmapWidgetExtension;
			productReference = 0266FBF42F644BBE003EF8D6 /* RaskmapWidgetExtension.appex */;
			productType = "com.apple.product-type.app-extension";
		};
		02A198742F5F383C0057AA98 /* Raskmap */ = {
			isa = PBXNativeTarget;
			buildConfigurationList = 02A198992F5F383D0057AA98 /* Build configuration list for PBXNativeTarget "Raskmap" */;
			buildPhases = (
				02A198712F5F383C0057AA98 /* Sources */,
				02A198722F5F383C0057AA98 /* Frameworks */,
				02A198732F5F383C0057AA98 /* Resources */,
				0266FC072F644BBF003EF8D6 /* Embed Foundation Extensions */,
				02C342082F87072800380795 /* Embed Watch Content */,
			);
			buildRules = (
			);
			dependencies = (
				0266FC052F644BBF003EF8D6 /* PBXTargetDependency */,
				02C342032F87072800380795 /* PBXTargetDependency */,
			);
			fileSystemSynchronizedGroups = (
				02A198772F5F383C0057AA98 /* Raskmap */,
			);
			name = Raskmap;
			packageProductDependencies = (
			);
			productName = Raskmap;
			productReference = 027640A82F61C407000FC517 /* Raskmap.app */;
			productType = "com.apple.product-type.application";
		};
		02A198852F5F383D0057AA98 /* RaskmapTests */ = {
			isa = PBXNativeTarget;
			buildConfigurationList = 02A1989E2F5F383D0057AA98 /* Build configuration list for PBXNativeTarget "RaskmapTests" */;
			buildPhases = (
				02A198822F5F383D0057AA98 /* Sources */,
				02A198832F5F383D0057AA98 /* Frameworks */,
				02A198842F5F383D0057AA98 /* Resources */,
			);
			buildRules = (
			);
			dependencies = (
				02A198882F5F383D0057AA98 /* PBXTargetDependency */,
			);
			fileSystemSynchronizedGroups = (
				02A198892F5F383D0057AA98 /* RaskmapTests */,
			);
			name = RaskmapTests;
			packageProductDependencies = (
			);
			productName = RaskmapTests;
			productReference = 027640A92F61C407000FC517 /* RaskmapTests.xctest */;
			productType = "com.apple.product-type.bundle.unit-test";
		};
		02A1988F2F5F383D0057AA98 /* RaskmapUITests */ = {
			isa = PBXNativeTarget;
			buildConfigurationList = 02A198A12F5F383D0057AA98 /* Build configuration list for PBXNativeTarget "RaskmapUITests" */;
			buildPhases = (
				02A1988C2F5F383D0057AA98 /* Sources */,
				02A1988D2F5F383D0057AA98 /* Frameworks */,
				02A1988E2F5F383D0057AA98 /* Resources */,
			);
			buildRules = (
			);
			dependencies = (
				02A198922F5F383D0057AA98 /* PBXTargetDependency */,
			);
			fileSystemSynchronizedGroups = (
				02A198932F5F383D0057AA98 /* RaskmapUITests */,
			);
			name = RaskmapUITests;
			packageProductDependencies = (
			);
			productName = RaskmapUITests;
			productReference = 027640AA2F61C407000FC517 /* RaskmapUITests.xctest */;
			productType = "com.apple.product-type.bundle.ui-testing";
		};
		02C341E32F87072600380795 /* RaskmapWatch Watch App */ = {
			isa = PBXNativeTarget;
			buildConfigurationList = 02C342052F87072800380795 /* Build configuration list for PBXNativeTarget "RaskmapWatch Watch App" */;
			buildPhases = (
				02C341E02F87072600380795 /* Sources */,
				02C341E12F87072600380795 /* Frameworks */,
				02C341E22F87072600380795 /* Resources */,
			);
			buildRules = (
			);
			dependencies = (
			);
			fileSystemSynchronizedGroups = (
				02C341E52F87072600380795 /* RaskmapWatch Watch App */,
			);
			name = "RaskmapWatch Watch App";
			packageProductDependencies = (
			);
			productName = "RaskmapWatch Watch App";
			productReference = 02C341E42F87072600380795 /* RaskmapWatch Watch App.app */;
			productType = "com.apple.product-type.application";
		};
		02C341EF2F87072800380795 /* RaskmapWatch Watch AppTests */ = {
			isa = PBXNativeTarget;
			buildConfigurationList = 02C342092F87072800380795 /* Build configuration list for PBXNativeTarget "RaskmapWatch Watch AppTests" */;
			buildPhases = (
				02C341EC2F87072800380795 /* Sources */,
				02C341ED2F87072800380795 /* Frameworks */,
				02C341EE2F87072800380795 /* Resources */,
			);
			buildRules = (
			);
			dependencies = (
				02C341F22F87072800380795 /* PBXTargetDependency */,
			);
			fileSystemSynchronizedGroups = (
				02C341F32F87072800380795 /* RaskmapWatch Watch AppTests */,
			);
			name = "RaskmapWatch Watch AppTests";
			packageProductDependencies = (
			);
			productName = "RaskmapWatch Watch AppTests";
			productReference = 02C341F02F87072800380795 /* RaskmapWatch Watch AppTests.xctest */;
			productType = "com.apple.product-type.bundle.unit-test";
		};
		02C341F92F87072800380795 /* RaskmapWatch Watch AppUITests */ = {
			isa = PBXNativeTarget;
			buildConfigurationList = 02C3420C2F87072800380795 /* Build configuration list for PBXNativeTarget "RaskmapWatch Watch AppUITests" */;
			buildPhases = (
				02C341F62F87072800380795 /* Sources */,
				02C341F72F87072800380795 /* Frameworks */,
				02C341F82F87072800380795 /* Resources */,
			);
			buildRules = (
			);
			dependencies = (
				02C341FC2F87072800380795 /* PBXTargetDependency */,
			);
			fileSystemSynchronizedGroups = (
				02C341FD2F87072800380795 /* RaskmapWatch Watch AppUITests */,
			);
			name = "RaskmapWatch Watch AppUITests";
			packageProductDependencies = (
			);
			productName = "RaskmapWatch Watch AppUITests";
			productReference = 02C341FA2F87072800380795 /* RaskmapWatch Watch AppUITests.xctest */;
			productType = "com.apple.product-type.bundle.ui-testing";
		};
/* End PBXNativeTarget section */

/* Begin PBXProject section */
		02A1986D2F5F383C0057AA98 /* Project object */ = {
			isa = PBXProject;
			attributes = {
				BuildIndependentTargetsInParallel = 1;
				LastSwiftUpdateCheck = 2640;
				LastUpgradeCheck = 2640;
				TargetAttributes = {
					0266FBF32F644BBE003EF8D6 = {
						CreatedOnToolsVersion = 26.3;
					};
					02A198742F5F383C0057AA98 = {
						CreatedOnToolsVersion = 26.3;
					};
					02A198852F5F383D0057AA98 = {
						CreatedOnToolsVersion = 26.3;
						TestTargetID = 02A198742F5F383C0057AA98;
					};
					02A1988F2F5F383D0057AA98 = {
						CreatedOnToolsVersion = 26.3;
						TestTargetID = 02A198742F5F383C0057AA98;
					};
					02C341E32F87072600380795 = {
						CreatedOnToolsVersion = 26.4;
					};
					02C341EF2F87072800380795 = {
						CreatedOnToolsVersion = 26.4;
						TestTargetID = 02C341E32F87072600380795;
					};
					02C341F92F87072800380795 = {
						CreatedOnToolsVersion = 26.4;
						TestTargetID = 02C341E32F87072600380795;
					};
				};
			};
			buildConfigurationList = 02A198702F5F383C0057AA98 /* Build configuration list for PBXProject "Raskmap" */;
			developmentRegion = es;
			hasScannedForEncodings = 0;
			knownRegions = (
				en,
				es,
				Base,
			);
			mainGroup = 02A1986C2F5F383C0057AA98;
			minimizedProjectReferenceProxies = 1;
			preferredProjectObjectVersion = 77;
			productRefGroup = 02A1986C2F5F383C0057AA98;
			projectDirPath = "";
			projectRoot = "";
			targets = (
				02A198742F5F383C0057AA98 /* Raskmap */,
				02A198852F5F383D0057AA98 /* RaskmapTests */,
				02A1988F2F5F383D0057AA98 /* RaskmapUITests */,
				0266FBF32F644BBE003EF8D6 /* RaskmapWidgetExtension */,
				02C341E32F87072600380795 /* RaskmapWatch Watch App */,
				02C341EF2F87072800380795 /* RaskmapWatch Watch AppTests */,
				02C341F92F87072800380795 /* RaskmapWatch Watch AppUITests */,
			);
		};
/* End PBXProject section */

/* Begin PBXResourcesBuildPhase section */
		0266FBF22F644BBE003EF8D6 /* Resources */ = {
			isa = PBXResourcesBuildPhase;
			buildActionMask = 2147483647;
			files = (
			);
			runOnlyForDeploymentPostprocessing = 0;
		};
		02A198732F5F383C0057AA98 /* Resources */ = {
			isa = PBXResourcesBuildPhase;
			buildActionMask = 2147483647;
			files = (
			);
			runOnlyForDeploymentPostprocessing = 0;
		};
		02A198842F5F383D0057AA98 /* Resources */ = {
			isa = PBXResourcesBuildPhase;
			buildActionMask = 2147483647;
			files = (
			);
			runOnlyForDeploymentPostprocessing = 0;
		};
		02A1988E2F5F383D0057AA98 /* Resources */ = {
			isa = PBXResourcesBuildPhase;
			buildActionMask = 2147483647;
			files = (
			);
			runOnlyForDeploymentPostprocessing = 0;
		};
		02C341E22F87072600380795 /* Resources */ = {
			isa = PBXResourcesBuildPhase;
			buildActionMask = 2147483647;
			files = (
			);
			runOnlyForDeploymentPostprocessing = 0;
		};
		02C341EE2F87072800380795 /* Resources */ = {
			isa = PBXResourcesBuildPhase;
			buildActionMask = 2147483647;
			files = (
			);
			runOnlyForDeploymentPostprocessing = 0;
		};
		02C341F82F87072800380795 /* Resources */ = {
			isa = PBXResourcesBuildPhase;
			buildActionMask = 2147483647;
			files = (
			);
			runOnlyForDeploymentPostprocessing = 0;
		};
/* End PBXResourcesBuildPhase section */

/* Begin PBXSourcesBuildPhase section */
		0266FBF02F644BBE003EF8D6 /* Sources */ = {
			isa = PBXSourcesBuildPhase;
			buildActionMask = 2147483647;
			files = (
			);
			runOnlyForDeploymentPostprocessing = 0;
		};
		02A198712F5F383C0057AA98 /* Sources */ = {
			isa = PBXSourcesBuildPhase;
			buildActionMask = 2147483647;
			files = (
			);
			runOnlyForDeploymentPostprocessing = 0;
		};
		02A198822F5F383D0057AA98 /* Sources */ = {
			isa = PBXSourcesBuildPhase;
			buildActionMask = 2147483647;
			files = (
			);
			runOnlyForDeploymentPostprocessing = 0;
		};
		02A1988C2F5F383D0057AA98 /* Sources */ = {
			isa = PBXSourcesBuildPhase;
			buildActionMask = 2147483647;
			files = (
			);
			runOnlyForDeploymentPostprocessing = 0;
		};
		02C341E02F87072600380795 /* Sources */ = {
			isa = PBXSourcesBuildPhase;
			buildActionMask = 2147483647;
			files = (
			);
			runOnlyForDeploymentPostprocessing = 0;
		};
		02C341EC2F87072800380795 /* Sources */ = {
			isa = PBXSourcesBuildPhase;
			buildActionMask = 2147483647;
			files = (
			);
			runOnlyForDeploymentPostprocessing = 0;
		};
		02C341F62F87072800380795 /* Sources */ = {
			isa = PBXSourcesBuildPhase;
			buildActionMask = 2147483647;
			files = (
			);
			runOnlyForDeploymentPostprocessing = 0;
		};
/* End PBXSourcesBuildPhase section */

/* Begin PBXTargetDependency section */
		0266FC052F644BBF003EF8D6 /* PBXTargetDependency */ = {
			isa = PBXTargetDependency;
			target = 0266FBF32F644BBE003EF8D6 /* RaskmapWidgetExtension */;
			targetProxy = 0266FC042F644BBF003EF8D6 /* PBXContainerItemProxy */;
		};
		02A198882F5F383D0057AA98 /* PBXTargetDependency */ = {
			isa = PBXTargetDependency;
			target = 02A198742F5F383C0057AA98 /* Raskmap */;
			targetProxy = 02A198872F5F383D0057AA98 /* PBXContainerItemProxy */;
		};
		02A198922F5F383D0057AA98 /* PBXTargetDependency */ = {
			isa = PBXTargetDependency;
			target = 02A198742F5F383C0057AA98 /* Raskmap */;
			targetProxy = 02A198912F5F383D0057AA98 /* PBXContainerItemProxy */;
		};
		02C341F22F87072800380795 /* PBXTargetDependency */ = {
			isa = PBXTargetDependency;
			target = 02C341E32F87072600380795 /* RaskmapWatch Watch App */;
			targetProxy = 02C341F12F87072800380795 /* PBXContainerItemProxy */;
		};
		02C341FC2F87072800380795 /* PBXTargetDependency */ = {
			isa = PBXTargetDependency;
			target = 02C341E32F87072600380795 /* RaskmapWatch Watch App */;
			targetProxy = 02C341FB2F87072800380795 /* PBXContainerItemProxy */;
		};
		02C342032F87072800380795 /* PBXTargetDependency */ = {
			isa = PBXTargetDependency;
			target = 02C341E32F87072600380795 /* RaskmapWatch Watch App */;
			targetProxy = 02C342022F87072800380795 /* PBXContainerItemProxy */;
		};
/* End PBXTargetDependency section */

/* Begin XCBuildConfiguration section */
		0266FC082F644BBF003EF8D6 /* Debug */ = {
			isa = XCBuildConfiguration;
			buildSettings = {
				ASSETCATALOG_COMPILER_GLOBAL_ACCENT_COLOR_NAME = AccentColor;
				ASSETCATALOG_COMPILER_WIDGET_BACKGROUND_COLOR_NAME = WidgetBackground;
				CODE_SIGN_ENTITLEMENTS = RaskmapWidgetExtension.entitlements;
				CODE_SIGN_STYLE = Automatic;
				CURRENT_PROJECT_VERSION = 1;
				DEVELOPMENT_TEAM = A23MXP6JL9;
				GENERATE_INFOPLIST_FILE = YES;
				INFOPLIST_FILE = RaskmapWidget/Info.plist;
				INFOPLIST_KEY_CFBundleDisplayName = RaskmapWidget;
				INFOPLIST_KEY_NSHumanReadableCopyright = "";
				LD_RUNPATH_SEARCH_PATHS = (
					"$(inherited)",
					"@executable_path/Frameworks",
					"@executable_path/../../Frameworks",
				);
				MARKETING_VERSION = 1.0;
				NEW_SETTING = "";
				PRODUCT_BUNDLE_IDENTIFIER = RealDev.Raskmap.RaskmapWidget;
				PRODUCT_NAME = "$(TARGET_NAME)";
				SKIP_INSTALL = YES;
				STRING_CATALOG_GENERATE_SYMBOLS = YES;
				SWIFT_APPROACHABLE_CONCURRENCY = YES;
				SWIFT_EMIT_LOC_STRINGS = YES;
				SWIFT_UPCOMING_FEATURE_MEMBER_IMPORT_VISIBILITY = YES;
				SWIFT_VERSION = 5.0;
				TARGETED_DEVICE_FAMILY = "1,2";
			};
			name = Debug;
		};
		0266FC092F644BBF003EF8D6 /* Release */ = {
			isa = XCBuildConfiguration;
			buildSettings = {
				ASSETCATALOG_COMPILER_GLOBAL_ACCENT_COLOR_NAME = AccentColor;
				ASSETCATALOG_COMPILER_WIDGET_BACKGROUND_COLOR_NAME = WidgetBackground;
				CODE_SIGN_ENTITLEMENTS = RaskmapWidgetExtension.entitlements;
				CODE_SIGN_STYLE = Automatic;
				CURRENT_PROJECT_VERSION = 1;
				DEVELOPMENT_TEAM = A23MXP6JL9;
				GENERATE_INFOPLIST_FILE = YES;
				INFOPLIST_FILE = RaskmapWidget/Info.plist;
				INFOPLIST_KEY_CFBundleDisplayName = RaskmapWidget;
				INFOPLIST_KEY_NSHumanReadableCopyright = "";
				LD_RUNPATH_SEARCH_PATHS = (
					"$(inherited)",
					"@executable_path/Frameworks",
					"@executable_path/../../Frameworks",
				);
				MARKETING_VERSION = 1.0;
				NEW_SETTING = "";
				PRODUCT_BUNDLE_IDENTIFIER = RealDev.Raskmap.RaskmapWidget;
				PRODUCT_NAME = "$(TARGET_NAME)";
				SKIP_INSTALL = YES;
				STRING_CATALOG_GENERATE_SYMBOLS = YES;
				SWIFT_APPROACHABLE_CONCURRENCY = YES;
				SWIFT_EMIT_LOC_STRINGS = YES;
				SWIFT_UPCOMING_FEATURE_MEMBER_IMPORT_VISIBILITY = YES;
				SWIFT_VERSION = 5.0;
				TARGETED_DEVICE_FAMILY = "1,2";
			};
			name = Release;
		};
		02A1989A2F5F383D0057AA98 /* Debug */ = {
			isa = XCBuildConfiguration;
			buildSettings = {
				ASSETCATALOG_COMPILER_APPICON_NAME = AppIcon;
				ASSETCATALOG_COMPILER_GLOBAL_ACCENT_COLOR_NAME = AccentColor;
				CODE_SIGN_ALLOW_ENTITLEMENTS_MODIFICATION = YES;
				CODE_SIGN_ENTITLEMENTS = Raskmap/Raskmap.entitlements;
				CODE_SIGN_STYLE = Automatic;
				CURRENT_PROJECT_VERSION = 1;
				DEVELOPMENT_TEAM = A23MXP6JL9;
				ENABLE_PREVIEWS = YES;
				GENERATE_INFOPLIST_FILE = YES;
				INFOPLIST_FILE = Raskmap/Info.plist;
				INFOPLIST_KEY_NSLocationWhenInUseUsageDescription = "Raskmap necesita tu ubicación para algunas funcionalidades meramente visuales";
				INFOPLIST_KEY_NSPhotoLibraryAddUsageDescription = "Raskmap necesita acceso para guardar tu mapa en la galería.";
				INFOPLIST_KEY_UIApplicationSceneManifest_Generation = YES;
				INFOPLIST_KEY_UIApplicationSupportsIndirectInputEvents = YES;
				INFOPLIST_KEY_UILaunchScreen_Generation = YES;
				INFOPLIST_KEY_UISupportedInterfaceOrientations_iPad = "UIInterfaceOrientationPortrait UIInterfaceOrientationPortraitUpsideDown UIInterfaceOrientationLandscapeLeft UIInterfaceOrientationLandscapeRight";
				INFOPLIST_KEY_UISupportedInterfaceOrientations_iPhone = "UIInterfaceOrientationPortrait UIInterfaceOrientationLandscapeLeft UIInterfaceOrientationLandscapeRight";
				LD_RUNPATH_SEARCH_PATHS = (
					"$(inherited)",
					"@executable_path/Frameworks",
				);
				MARKETING_VERSION = 1.0;
				PRODUCT_BUNDLE_IDENTIFIER = RealDev.Raskmap;
				PRODUCT_NAME = "$(TARGET_NAME)";
				STRING_CATALOG_GENERATE_SYMBOLS = YES;
				SWIFT_APPROACHABLE_CONCURRENCY = YES;
				SWIFT_DEFAULT_ACTOR_ISOLATION = MainActor;
				SWIFT_EMIT_LOC_STRINGS = YES;
				SWIFT_UPCOMING_FEATURE_MEMBER_IMPORT_VISIBILITY = YES;
				SWIFT_VERSION = 5.0;
				TARGETED_DEVICE_FAMILY = "1,2";
			};
			name = Debug;
		};
		02A1989B2F5F383D0057AA98 /* Release */ = {
			isa = XCBuildConfiguration;
			buildSettings = {
				ASSETCATALOG_COMPILER_APPICON_NAME = AppIcon;
				ASSETCATALOG_COMPILER_GLOBAL_ACCENT_COLOR_NAME = AccentColor;
				CODE_SIGN_ALLOW_ENTITLEMENTS_MODIFICATION = YES;
				CODE_SIGN_ENTITLEMENTS = Raskmap/Raskmap.entitlements;
				CODE_SIGN_STYLE = Automatic;
				CURRENT_PROJECT_VERSION = 1;
				DEVELOPMENT_TEAM = A23MXP6JL9;
				ENABLE_PREVIEWS = YES;
				GENERATE_INFOPLIST_FILE = YES;
				INFOPLIST_FILE = Raskmap/Info.plist;
				INFOPLIST_KEY_NSLocationWhenInUseUsageDescription = "Raskmap necesita tu ubicación para algunas funcionalidades meramente visuales";
				INFOPLIST_KEY_NSPhotoLibraryAddUsageDescription = "Raskmap necesita acceso para guardar tu mapa en la galería.";
				INFOPLIST_KEY_UIApplicationSceneManifest_Generation = YES;
				INFOPLIST_KEY_UIApplicationSupportsIndirectInputEvents = YES;
				INFOPLIST_KEY_UILaunchScreen_Generation = YES;
				INFOPLIST_KEY_UISupportedInterfaceOrientations_iPad = "UIInterfaceOrientationPortrait UIInterfaceOrientationPortraitUpsideDown UIInterfaceOrientationLandscapeLeft UIInterfaceOrientationLandscapeRight";
				INFOPLIST_KEY_UISupportedInterfaceOrientations_iPhone = "UIInterfaceOrientationPortrait UIInterfaceOrientationLandscapeLeft UIInterfaceOrientationLandscapeRight";
				LD_RUNPATH_SEARCH_PATHS = (
					"$(inherited)",
					"@executable_path/Frameworks",
				);
				MARKETING_VERSION = 1.0;
				PRODUCT_BUNDLE_IDENTIFIER = RealDev.Raskmap;
				PRODUCT_NAME = "$(TARGET_NAME)";
				STRING_CATALOG_GENERATE_SYMBOLS = YES;
				SWIFT_APPROACHABLE_CONCURRENCY = YES;
				SWIFT_DEFAULT_ACTOR_ISOLATION = MainActor;
				SWIFT_EMIT_LOC_STRINGS = YES;
				SWIFT_UPCOMING_FEATURE_MEMBER_IMPORT_VISIBILITY = YES;
				SWIFT_VERSION = 5.0;
				TARGETED_DEVICE_FAMILY = "1,2";
			};
			name = Release;
		};
		02A1989C2F5F383D0057AA98 /* Debug */ = {
			isa = XCBuildConfiguration;
			buildSettings = {
				ALWAYS_SEARCH_USER_PATHS = NO;
				ASSETCATALOG_COMPILER_GENERATE_SWIFT_ASSET_SYMBOL_EXTENSIONS = YES;
				CLANG_ANALYZER_NONNULL = YES;
				CLANG_ANALYZER_NUMBER_OBJECT_CONVERSION = YES_AGGRESSIVE;
				CLANG_CXX_LANGUAGE_STANDARD = "gnu++20";
				CLANG_ENABLE_MODULES = YES;
				CLANG_ENABLE_OBJC_ARC = YES;
				CLANG_ENABLE_OBJC_WEAK = YES;
				CLANG_WARN_BLOCK_CAPTURE_AUTORELEASING = YES;
				CLANG_WARN_BOOL_CONVERSION = YES;
				CLANG_WARN_COMMA = YES;
				CLANG_WARN_CONSTANT_CONVERSION = YES;
				CLANG_WARN_DEPRECATED_OBJC_IMPLEMENTATIONS = YES;
				CLANG_WARN_DIRECT_OBJC_ISA_USAGE = YES_ERROR;
				CLANG_WARN_DOCUMENTATION_COMMENTS = YES;
				CLANG_WARN_EMPTY_BODY = YES;
				CLANG_WARN_ENUM_CONVERSION = YES;
				CLANG_WARN_INFINITE_RECURSION = YES;
				CLANG_WARN_INT_CONVERSION = YES;
				CLANG_WARN_NON_LITERAL_NULL_CONVERSION = YES;
				CLANG_WARN_OBJC_IMPLICIT_RETAIN_SELF = YES;
				CLANG_WARN_OBJC_LITERAL_CONVERSION = YES;
				CLANG_WARN_OBJC_ROOT_CLASS = YES_ERROR;
				CLANG_WARN_QUOTED_INCLUDE_IN_FRAMEWORK_HEADER = YES;
				CLANG_WARN_RANGE_LOOP_ANALYSIS = YES;
				CLANG_WARN_STRICT_PROTOTYPES = YES;
				CLANG_WARN_SUSPICIOUS_MOVE = YES;
				CLANG_WARN_UNGUARDED_AVAILABILITY = YES_AGGRESSIVE;
				CLANG_WARN_UNREACHABLE_CODE = YES;
				CLANG_WARN__DUPLICATE_METHOD_MATCH = YES;
				COPY_PHASE_STRIP = NO;
				DEBUG_INFORMATION_FORMAT = dwarf;
				DEVELOPMENT_TEAM = A23MXP6JL9;
				ENABLE_STRICT_OBJC_MSGSEND = YES;
				ENABLE_TESTABILITY = YES;
				ENABLE_USER_SCRIPT_SANDBOXING = YES;
				GCC_C_LANGUAGE_STANDARD = gnu17;
				GCC_DYNAMIC_NO_PIC = NO;
				GCC_NO_COMMON_BLOCKS = YES;
				GCC_OPTIMIZATION_LEVEL = 0;
				GCC_PREPROCESSOR_DEFINITIONS = (
					"DEBUG=1",
					"$(inherited)",
				);
				GCC_WARN_64_TO_32_BIT_CONVERSION = YES;
				GCC_WARN_ABOUT_RETURN_TYPE = YES_ERROR;
				GCC_WARN_UNDECLARED_SELECTOR = YES;
				GCC_WARN_UNINITIALIZED_AUTOS = YES_AGGRESSIVE;
				GCC_WARN_UNUSED_FUNCTION = YES;
				GCC_WARN_UNUSED_VARIABLE = YES;
				IPHONEOS_DEPLOYMENT_TARGET = 17.0;
				LOCALIZATION_PREFERS_STRING_CATALOGS = YES;
				MTL_ENABLE_DEBUG_INFO = INCLUDE_SOURCE;
				MTL_FAST_MATH = YES;
				ONLY_ACTIVE_ARCH = YES;
				SDKROOT = iphoneos;
				STRING_CATALOG_GENERATE_SYMBOLS = YES;
				SWIFT_ACTIVE_COMPILATION_CONDITIONS = "DEBUG $(inherited)";
				SWIFT_OPTIMIZATION_LEVEL = "-Onone";
			};
			name = Debug;
		};
		02A1989D2F5F383D0057AA98 /* Release */ = {
			isa = XCBuildConfiguration;
			buildSettings = {
				ALWAYS_SEARCH_USER_PATHS = NO;
				ASSETCATALOG_COMPILER_GENERATE_SWIFT_ASSET_SYMBOL_EXTENSIONS = YES;
				CLANG_ANALYZER_NONNULL = YES;
				CLANG_ANALYZER_NUMBER_OBJECT_CONVERSION = YES_AGGRESSIVE;
				CLANG_CXX_LANGUAGE_STANDARD = "gnu++20";
				CLANG_ENABLE_MODULES = YES;
				CLANG_ENABLE_OBJC_ARC = YES;
				CLANG_ENABLE_OBJC_WEAK = YES;
				CLANG_WARN_BLOCK_CAPTURE_AUTORELEASING = YES;
				CLANG_WARN_BOOL_CONVERSION = YES;
				CLANG_WARN_COMMA = YES;
				CLANG_WARN_CONSTANT_CONVERSION = YES;
				CLANG_WARN_DEPRECATED_OBJC_IMPLEMENTATIONS = YES;
				CLANG_WARN_DIRECT_OBJC_ISA_USAGE = YES_ERROR;
				CLANG_WARN_DOCUMENTATION_COMMENTS = YES;
				CLANG_WARN_EMPTY_BODY = YES;
				CLANG_WARN_ENUM_CONVERSION = YES;
				CLANG_WARN_INFINITE_RECURSION = YES;
				CLANG_WARN_INT_CONVERSION = YES;
				CLANG_WARN_NON_LITERAL_NULL_CONVERSION = YES;
				CLANG_WARN_OBJC_IMPLICIT_RETAIN_SELF = YES;
				CLANG_WARN_OBJC_LITERAL_CONVERSION = YES;
				CLANG_WARN_OBJC_ROOT_CLASS = YES_ERROR;
				CLANG_WARN_QUOTED_INCLUDE_IN_FRAMEWORK_HEADER = YES;
				CLANG_WARN_RANGE_LOOP_ANALYSIS = YES;
				CLANG_WARN_STRICT_PROTOTYPES = YES;
				CLANG_WARN_SUSPICIOUS_MOVE = YES;
				CLANG_WARN_UNGUARDED_AVAILABILITY = YES_AGGRESSIVE;
				CLANG_WARN_UNREACHABLE_CODE = YES;
				CLANG_WARN__DUPLICATE_METHOD_MATCH = YES;
				COPY_PHASE_STRIP = NO;
				DEBUG_INFORMATION_FORMAT = "dwarf-with-dsym";
				DEVELOPMENT_TEAM = A23MXP6JL9;
				ENABLE_NS_ASSERTIONS = NO;
				ENABLE_STRICT_OBJC_MSGSEND = YES;
				ENABLE_USER_SCRIPT_SANDBOXING = YES;
				GCC_C_LANGUAGE_STANDARD = gnu17;
				GCC_NO_COMMON_BLOCKS = YES;
				GCC_WARN_64_TO_32_BIT_CONVERSION = YES;
				GCC_WARN_ABOUT_RETURN_TYPE = YES_ERROR;
				GCC_WARN_UNDECLARED_SELECTOR = YES;
				GCC_WARN_UNINITIALIZED_AUTOS = YES_AGGRESSIVE;
				GCC_WARN_UNUSED_FUNCTION = YES;
				GCC_WARN_UNUSED_VARIABLE = YES;
				IPHONEOS_DEPLOYMENT_TARGET = 17.0;
				LOCALIZATION_PREFERS_STRING_CATALOGS = YES;
				MTL_ENABLE_DEBUG_INFO = NO;
				MTL_FAST_MATH = YES;
				SDKROOT = iphoneos;
				STRING_CATALOG_GENERATE_SYMBOLS = YES;
				SWIFT_COMPILATION_MODE = wholemodule;
				VALIDATE_PRODUCT = YES;
			};
			name = Release;
		};
		02A1989F2F5F383D0057AA98 /* Debug */ = {
			isa = XCBuildConfiguration;
			buildSettings = {
				BUNDLE_LOADER = "$(TEST_HOST)";
				CODE_SIGN_STYLE = Automatic;
				CURRENT_PROJECT_VERSION = 1;
				DEVELOPMENT_TEAM = A23MXP6JL9;
				GENERATE_INFOPLIST_FILE = YES;
				IPHONEOS_DEPLOYMENT_TARGET = 17.0;
				MARKETING_VERSION = 1.0;
				PRODUCT_BUNDLE_IDENTIFIER = RealDev.RaskmapTests;
				PRODUCT_NAME = "$(TARGET_NAME)";
				STRING_CATALOG_GENERATE_SYMBOLS = NO;
				SWIFT_APPROACHABLE_CONCURRENCY = YES;
				SWIFT_EMIT_LOC_STRINGS = NO;
				SWIFT_UPCOMING_FEATURE_MEMBER_IMPORT_VISIBILITY = YES;
				SWIFT_VERSION = 5.0;
				TARGETED_DEVICE_FAMILY = "1,2";
				TEST_HOST = "$(BUILT_PRODUCTS_DIR)/Raskmap.app/$(BUNDLE_EXECUTABLE_FOLDER_PATH)/Raskmap";
			};
			name = Debug;
		};
		02A198A02F5F383D0057AA98 /* Release */ = {
			isa = XCBuildConfiguration;
			buildSettings = {
				BUNDLE_LOADER = "$(TEST_HOST)";
				CODE_SIGN_STYLE = Automatic;
				CURRENT_PROJECT_VERSION = 1;
				DEVELOPMENT_TEAM = A23MXP6JL9;
				GENERATE_INFOPLIST_FILE = YES;
				IPHONEOS_DEPLOYMENT_TARGET = 17.0;
				MARKETING_VERSION = 1.0;
				PRODUCT_BUNDLE_IDENTIFIER = RealDev.RaskmapTests;
				PRODUCT_NAME = "$(TARGET_NAME)";
				STRING_CATALOG_GENERATE_SYMBOLS = NO;
				SWIFT_APPROACHABLE_CONCURRENCY = YES;
				SWIFT_EMIT_LOC_STRINGS = NO;
				SWIFT_UPCOMING_FEATURE_MEMBER_IMPORT_VISIBILITY = YES;
				SWIFT_VERSION = 5.0;
				TARGETED_DEVICE_FAMILY = "1,2";
				TEST_HOST = "$(BUILT_PRODUCTS_DIR)/Raskmap.app/$(BUNDLE_EXECUTABLE_FOLDER_PATH)/Raskmap";
			};
			name = Release;
		};
		02A198A22F5F383D0057AA98 /* Debug */ = {
			isa = XCBuildConfiguration;
			buildSettings = {
				CODE_SIGN_STYLE = Automatic;
				CURRENT_PROJECT_VERSION = 1;
				DEVELOPMENT_TEAM = A23MXP6JL9;
				GENERATE_INFOPLIST_FILE = YES;
				MARKETING_VERSION = 1.0;
				PRODUCT_BUNDLE_IDENTIFIER = RealDev.RaskmapUITests;
				PRODUCT_NAME = "$(TARGET_NAME)";
				STRING_CATALOG_GENERATE_SYMBOLS = NO;
				SWIFT_APPROACHABLE_CONCURRENCY = YES;
				SWIFT_EMIT_LOC_STRINGS = NO;
				SWIFT_UPCOMING_FEATURE_MEMBER_IMPORT_VISIBILITY = YES;
				SWIFT_VERSION = 5.0;
				TARGETED_DEVICE_FAMILY = "1,2";
				TEST_TARGET_NAME = Raskmap;
			};
			name = Debug;
		};
		02A198A32F5F383D0057AA98 /* Release */ = {
			isa = XCBuildConfiguration;
			buildSettings = {
				CODE_SIGN_STYLE = Automatic;
				CURRENT_PROJECT_VERSION = 1;
				DEVELOPMENT_TEAM = A23MXP6JL9;
				GENERATE_INFOPLIST_FILE = YES;
				MARKETING_VERSION = 1.0;
				PRODUCT_BUNDLE_IDENTIFIER = RealDev.RaskmapUITests;
				PRODUCT_NAME = "$(TARGET_NAME)";
				STRING_CATALOG_GENERATE_SYMBOLS = NO;
				SWIFT_APPROACHABLE_CONCURRENCY = YES;
				SWIFT_EMIT_LOC_STRINGS = NO;
				SWIFT_UPCOMING_FEATURE_MEMBER_IMPORT_VISIBILITY = YES;
				SWIFT_VERSION = 5.0;
				TARGETED_DEVICE_FAMILY = "1,2";
				TEST_TARGET_NAME = Raskmap;
			};
			name = Release;
		};
		02C342062F87072800380795 /* Debug */ = {
			isa = XCBuildConfiguration;
			buildSettings = {
				ASSETCATALOG_COMPILER_APPICON_NAME = AppIcon;
				ASSETCATALOG_COMPILER_GLOBAL_ACCENT_COLOR_NAME = AccentColor;
				CODE_SIGN_STYLE = Automatic;
				CURRENT_PROJECT_VERSION = 1;
				DEVELOPMENT_TEAM = A23MXP6JL9;
				ENABLE_PREVIEWS = YES;
				GENERATE_INFOPLIST_FILE = YES;
				INFOPLIST_KEY_CFBundleDisplayName = RaskmapWatch;
				INFOPLIST_KEY_UISupportedInterfaceOrientations = "UIInterfaceOrientationPortrait UIInterfaceOrientationPortraitUpsideDown";
				INFOPLIST_KEY_WKCompanionAppBundleIdentifier = RealDev.Raskmap;
				LD_RUNPATH_SEARCH_PATHS = (
					"$(inherited)",
					"@executable_path/Frameworks",
				);
				MARKETING_VERSION = 1.0;
				PRODUCT_BUNDLE_IDENTIFIER = RealDev.Raskmap.watchkitapp;
				PRODUCT_NAME = "$(TARGET_NAME)";
				SDKROOT = watchos;
				SKIP_INSTALL = YES;
				STRING_CATALOG_GENERATE_SYMBOLS = YES;
				SWIFT_APPROACHABLE_CONCURRENCY = YES;
				SWIFT_DEFAULT_ACTOR_ISOLATION = MainActor;
				SWIFT_EMIT_LOC_STRINGS = YES;
				SWIFT_UPCOMING_FEATURE_MEMBER_IMPORT_VISIBILITY = YES;
				SWIFT_VERSION = 5.0;
				TARGETED_DEVICE_FAMILY = 4;
				WATCHOS_DEPLOYMENT_TARGET = 26.4;
			};
			name = Debug;
		};
		02C342072F87072800380795 /* Release */ = {
			isa = XCBuildConfiguration;
			buildSettings = {
				ASSETCATALOG_COMPILER_APPICON_NAME = AppIcon;
				ASSETCATALOG_COMPILER_GLOBAL_ACCENT_COLOR_NAME = AccentColor;
				CODE_SIGN_STYLE = Automatic;
				CURRENT_PROJECT_VERSION = 1;
				DEVELOPMENT_TEAM = A23MXP6JL9;
				ENABLE_PREVIEWS = YES;
				GENERATE_INFOPLIST_FILE = YES;
				INFOPLIST_KEY_CFBundleDisplayName = RaskmapWatch;
				INFOPLIST_KEY_UISupportedInterfaceOrientations = "UIInterfaceOrientationPortrait UIInterfaceOrientationPortraitUpsideDown";
				INFOPLIST_KEY_WKCompanionAppBundleIdentifier = RealDev.Raskmap;
				LD_RUNPATH_SEARCH_PATHS = (
					"$(inherited)",
					"@executable_path/Frameworks",
				);
				MARKETING_VERSION = 1.0;
				PRODUCT_BUNDLE_IDENTIFIER = RealDev.Raskmap.watchkitapp;
				PRODUCT_NAME = "$(TARGET_NAME)";
				SDKROOT = watchos;
				SKIP_INSTALL = YES;
				STRING_CATALOG_GENERATE_SYMBOLS = YES;
				SWIFT_APPROACHABLE_CONCURRENCY = YES;
				SWIFT_DEFAULT_ACTOR_ISOLATION = MainActor;
				SWIFT_EMIT_LOC_STRINGS = YES;
				SWIFT_UPCOMING_FEATURE_MEMBER_IMPORT_VISIBILITY = YES;
				SWIFT_VERSION = 5.0;
				TARGETED_DEVICE_FAMILY = 4;
				WATCHOS_DEPLOYMENT_TARGET = 26.4;
			};
			name = Release;
		};
		02C3420A2F87072800380795 /* Debug */ = {
			isa = XCBuildConfiguration;
			buildSettings = {
				BUNDLE_LOADER = "$(TEST_HOST)";
				CODE_SIGN_STYLE = Automatic;
				CURRENT_PROJECT_VERSION = 1;
				DEVELOPMENT_TEAM = A23MXP6JL9;
				GENERATE_INFOPLIST_FILE = YES;
				MARKETING_VERSION = 1.0;
				PRODUCT_BUNDLE_IDENTIFIER = "RealDev.RaskmapWatch-Watch-AppTests";
				PRODUCT_NAME = "$(TARGET_NAME)";
				SDKROOT = watchos;
				STRING_CATALOG_GENERATE_SYMBOLS = NO;
				SWIFT_APPROACHABLE_CONCURRENCY = YES;
				SWIFT_EMIT_LOC_STRINGS = NO;
				SWIFT_UPCOMING_FEATURE_MEMBER_IMPORT_VISIBILITY = YES;
				SWIFT_VERSION = 5.0;
				TARGETED_DEVICE_FAMILY = 4;
				TEST_HOST = "$(BUILT_PRODUCTS_DIR)/RaskmapWatch Watch App.app/$(BUNDLE_EXECUTABLE_FOLDER_PATH)/RaskmapWatch Watch App";
				WATCHOS_DEPLOYMENT_TARGET = 26.4;
			};
			name = Debug;
		};
		02C3420B2F87072800380795 /* Release */ = {
			isa = XCBuildConfiguration;
			buildSettings = {
				BUNDLE_LOADER = "$(TEST_HOST)";
				CODE_SIGN_STYLE = Automatic;
				CURRENT_PROJECT_VERSION = 1;
				DEVELOPMENT_TEAM = A23MXP6JL9;
				GENERATE_INFOPLIST_FILE = YES;
				MARKETING_VERSION = 1.0;
				PRODUCT_BUNDLE_IDENTIFIER = "RealDev.RaskmapWatch-Watch-AppTests";
				PRODUCT_NAME = "$(TARGET_NAME)";
				SDKROOT = watchos;
				STRING_CATALOG_GENERATE_SYMBOLS = NO;
				SWIFT_APPROACHABLE_CONCURRENCY = YES;
				SWIFT_EMIT_LOC_STRINGS = NO;
				SWIFT_UPCOMING_FEATURE_MEMBER_IMPORT_VISIBILITY = YES;
				SWIFT_VERSION = 5.0;
				TARGETED_DEVICE_FAMILY = 4;
				TEST_HOST = "$(BUILT_PRODUCTS_DIR)/RaskmapWatch Watch App.app/$(BUNDLE_EXECUTABLE_FOLDER_PATH)/RaskmapWatch Watch App";
				WATCHOS_DEPLOYMENT_TARGET = 26.4;
			};
			name = Release;
		};
		02C3420D2F87072800380795 /* Debug */ = {
			isa = XCBuildConfiguration;
			buildSettings = {
				CODE_SIGN_STYLE = Automatic;
				CURRENT_PROJECT_VERSION = 1;
				DEVELOPMENT_TEAM = A23MXP6JL9;
				GENERATE_INFOPLIST_FILE = YES;
				MARKETING_VERSION = 1.0;
				PRODUCT_BUNDLE_IDENTIFIER = "RealDev.RaskmapWatch-Watch-AppUITests";
				PRODUCT_NAME = "$(TARGET_NAME)";
				SDKROOT = watchos;
				STRING_CATALOG_GENERATE_SYMBOLS = NO;
				SWIFT_APPROACHABLE_CONCURRENCY = YES;
				SWIFT_EMIT_LOC_STRINGS = NO;
				SWIFT_UPCOMING_FEATURE_MEMBER_IMPORT_VISIBILITY = YES;
				SWIFT_VERSION = 5.0;
				TARGETED_DEVICE_FAMILY = 4;
				TEST_TARGET_NAME = "RaskmapWatch Watch App";
				WATCHOS_DEPLOYMENT_TARGET = 26.4;
			};
			name = Debug;
		};
		02C3420E2F87072800380795 /* Release */ = {
			isa = XCBuildConfiguration;
			buildSettings = {
				CODE_SIGN_STYLE = Automatic;
				CURRENT_PROJECT_VERSION = 1;
				DEVELOPMENT_TEAM = A23MXP6JL9;
				GENERATE_INFOPLIST_FILE = YES;
				MARKETING_VERSION = 1.0;
				PRODUCT_BUNDLE_IDENTIFIER = "RealDev.RaskmapWatch-Watch-AppUITests";
				PRODUCT_NAME = "$(TARGET_NAME)";
				SDKROOT = watchos;
				STRING_CATALOG_GENERATE_SYMBOLS = NO;
				SWIFT_APPROACHABLE_CONCURRENCY = YES;
				SWIFT_EMIT_LOC_STRINGS = NO;
				SWIFT_UPCOMING_FEATURE_MEMBER_IMPORT_VISIBILITY = YES;
				SWIFT_VERSION = 5.0;
				TARGETED_DEVICE_FAMILY = 4;
				TEST_TARGET_NAME = "RaskmapWatch Watch App";
				WATCHOS_DEPLOYMENT_TARGET = 26.4;
			};
			name = Release;
		};
/* End XCBuildConfiguration section */

/* Begin XCConfigurationList section */
		0266FC0A2F644BBF003EF8D6 /* Build configuration list for PBXNativeTarget "RaskmapWidgetExtension" */ = {
			isa = XCConfigurationList;
			buildConfigurations = (
				0266FC082F644BBF003EF8D6 /* Debug */,
				0266FC092F644BBF003EF8D6 /* Release */,
			);
			defaultConfigurationIsVisible = 0;
			defaultConfigurationName = Release;
		};
		02A198702F5F383C0057AA98 /* Build configuration list for PBXProject "Raskmap" */ = {
			isa = XCConfigurationList;
			buildConfigurations = (
				02A1989C2F5F383D0057AA98 /* Debug */,
				02A1989D2F5F383D0057AA98 /* Release */,
			);
			defaultConfigurationIsVisible = 0;
			defaultConfigurationName = Release;
		};
		02A198992F5F383D0057AA98 /* Build configuration list for PBXNativeTarget "Raskmap" */ = {
			isa = XCConfigurationList;
			buildConfigurations = (
				02A1989A2F5F383D0057AA98 /* Debug */,
				02A1989B2F5F383D0057AA98 /* Release */,
			);
			defaultConfigurationIsVisible = 0;
			defaultConfigurationName = Release;
		};
		02A1989E2F5F383D0057AA98 /* Build configuration list for PBXNativeTarget "RaskmapTests" */ = {
			isa = XCConfigurationList;
			buildConfigurations = (
				02A1989F2F5F383D0057AA98 /* Debug */,
				02A198A02F5F383D0057AA98 /* Release */,
			);
			defaultConfigurationIsVisible = 0;
			defaultConfigurationName = Release;
		};
		02A198A12F5F383D0057AA98 /* Build configuration list for PBXNativeTarget "RaskmapUITests" */ = {
			isa = XCConfigurationList;
			buildConfigurations = (
				02A198A22F5F383D0057AA98 /* Debug */,
				02A198A32F5F383D0057AA98 /* Release */,
			);
			defaultConfigurationIsVisible = 0;
			defaultConfigurationName = Release;
		};
		02C342052F87072800380795 /* Build configuration list for PBXNativeTarget "RaskmapWatch Watch App" */ = {
			isa = XCConfigurationList;
			buildConfigurations = (
				02C342062F87072800380795 /* Debug */,
				02C342072F87072800380795 /* Release */,
			);
			defaultConfigurationIsVisible = 0;
			defaultConfigurationName = Release;
		};
		02C342092F87072800380795 /* Build configuration list for PBXNativeTarget "RaskmapWatch Watch AppTests" */ = {
			isa = XCConfigurationList;
			buildConfigurations = (
				02C3420A2F87072800380795 /* Debug */,
				02C3420B2F87072800380795 /* Release */,
			);
			defaultConfigurationIsVisible = 0;
			defaultConfigurationName = Release;
		};
		02C3420C2F87072800380795 /* Build configuration list for PBXNativeTarget "RaskmapWatch Watch AppUITests" */ = {
			isa = XCConfigurationList;
			buildConfigurations = (
				02C3420D2F87072800380795 /* Debug */,
				02C3420E2F87072800380795 /* Release */,
			);
			defaultConfigurationIsVisible = 0;
			defaultConfigurationName = Release;
		};
/* End XCConfigurationList section */
	};
	rootObject = 02A1986D2F5F383C0057AA98 /* Project object */;
}
